
Microsoft Visual Studio Solution File, Format Version 12.00
Project("{FAE04EC0-301F-11D3-BF4B-00C04F79EFBC}") = "CoreLib", "CoreLib\CoreLib.csproj", "{D141CEE6-5426-4167-A944-B80367A0B4A1}"
EndProject
Project("{FAE04EC0-301F-11D3-BF4B-00C04F79EFBC}") = "PerpetualAmericanOptions", "PerpetualAmericanOptions\PerpetualAmericanOptions.csproj", "{2DB8C15A-BFC7-48BC-86C7-26D6EB13DA17}"
EndProject
Project("{FAE04EC0-301F-11D3-BF4B-00C04F79EFBC}") = "TemporalAmericanOption", "TemporalAmericanOption\TemporalAmericanOption.csproj", "{9EAF1809-118B-4049-942A-5F1E9A54B742}"
EndProject
Project("{FAE04EC0-301F-11D3-BF4B-00C04F79EFBC}") = "UnitTests", "UnitTests\UnitTests.csproj", "{2CDCE620-9946-493F-A801-EEAA748598B7}"
EndProject
Global
	GlobalSection(SolutionConfigurationPlatforms) = preSolution
		Debug|Any CPU = Debug|Any CPU
		Release|Any CPU = Release|Any CPU
	EndGlobalSection
	GlobalSection(ProjectConfigurationPlatforms) = postSolution
		{D141CEE6-5426-4167-A944-B80367A0B4A1}.Debug|Any CPU.ActiveCfg = Debug|Any CPU
		{D141CEE6-5426-4167-A944-B80367A0B4A1}.Debug|Any CPU.Build.0 = Debug|Any CPU
		{D141CEE6-5426-4167-A944-B80367A0B4A1}.Release|Any CPU.ActiveCfg = Release|Any CPU
		{D141CEE6-5426-4167-A944-B80367A0B4A1}.Release|Any CPU.Build.0 = Release|Any CPU
		{2DB8C15A-BFC7-48BC-86C7-26D6EB13DA17}.Debug|Any CPU.ActiveCfg = Debug|Any CPU
		{2DB8C15A-BFC7-48BC-86C7-26D6EB13DA17}.Debug|Any CPU.Build.0 = Debug|Any CPU
		{2DB8C15A-BFC7-48BC-86C7-26D6EB13DA17}.Release|Any CPU.ActiveCfg = Release|Any CPU
		{2DB8C15A-BFC7-48BC-86C7-26D6EB13DA17}.Release|Any CPU.Build.0 = Release|Any CPU
		{9EAF1809-118B-4049-942A-5F1E9A54B742}.Debug|Any CPU.ActiveCfg = Debug|Any CPU
		{9EAF1809-118B-4049-942A-5F1E9A54B742}.Debug|Any CPU.Build.0 = Debug|Any CPU
		{9EAF1809-118B-4049-942A-5F1E9A54B742}.Release|Any CPU.ActiveCfg = Release|Any CPU
		{9EAF1809-118B-4049-942A-5F1E9A54B742}.Release|Any CPU.Build.0 = Release|Any CPU
		{2CDCE620-9946-493F-A801-EEAA748598B7}.Debug|Any CPU.ActiveCfg = Debug|Any CPU
		{2CDCE620-9946-493F-A801-EEAA748598B7}.Debug|Any CPU.Build.0 = Debug|Any CPU
		{2CDCE620-9946-493F-A801-EEAA748598B7}.Release|Any CPU.ActiveCfg = Release|Any CPU
		{2CDCE620-9946-493F-A801-EEAA748598B7}.Release|Any CPU.Build.0 = Release|Any CPU
	EndGlobalSection
EndGlobal
